
Microsoft Visual Studio Solution File, Format Version 12.00
# Visual Studio Version 17
VisualStudioVersion = 17.11.35312.102
MinimumVisualStudioVersion = 10.0.40219.1
Project("{9A19103F-16F7-4668-BE54-9A1E7A4F7556}") = "thumbnail", "thumbnail.csproj", "{0A9D9774-7BBA-462A-AE26-1315BBAEE39E}"
EndProject
Global
	GlobalSection(SolutionConfigurationPlatforms) = preSolution
		Debug|Any CPU = Debug|Any CPU
		Release|Any CPU = Release|Any CPU
	EndGlobalSection
	GlobalSection(ProjectConfigurationPlatforms) = postSolution
		{0A9D9774-7BBA-462A-AE26-1315BBAEE39E}.Debug|Any CPU.ActiveCfg = Debug|Any CPU
		{0A9D9774-7BBA-462A-AE26-1315BBAEE39E}.Debug|Any CPU.Build.0 = Debug|Any CPU
		{0A9D9774-7BBA-462A-AE26-1315BBAEE39E}.Release|Any CPU.ActiveCfg = Release|Any CPU
		{0A9D9774-7BBA-462A-AE26-1315BBAEE39E}.Release|Any CPU.Build.0 = Release|Any CPU
	EndGlobalSection
	GlobalSection(SolutionProperties) = preSolution
		HideSolutionNode = FALSE
	EndGlobalSection
	GlobalSection(ExtensibilityGlobals) = postSolution
		SolutionGuid = {CAEF0388-7553-4D49-8FB8-FE88C7820974}
	EndGlobalSection
EndGlobal
